
Microsoft Visual Studio Solution File, Format Version 12.00
# Visual Studio Version 17
VisualStudioVersion = 17.3.32901.215
MinimumVisualStudioVersion = 10.0.40219.1
Project("{FAE04EC0-301F-11D3-BF4B-00C04F79EFBC}") = "TESTE", "TESTE\TESTE.csproj", "{BAD8D6DB-DB67-4529-9A63-33988C01D899}"
EndProject
Global
	GlobalSection(SolutionConfigurationPlatforms) = preSolution
		Debug|Any CPU = Debug|Any CPU
		Release|Any CPU = Release|Any CPU
	EndGlobalSection
	GlobalSection(ProjectConfigurationPlatforms) = postSolution
		{BAD8D6DB-DB67-4529-9A63-33988C01D899}.Debug|Any CPU.ActiveCfg = Debug|Any CPU
		{BAD8D6DB-DB67-4529-9A63-33988C01D899}.Debug|Any CPU.Build.0 = Debug|Any CPU
		{BAD8D6DB-DB67-4529-9A63-33988C01D899}.Release|Any CPU.ActiveCfg = Release|Any CPU
		{BAD8D6DB-DB67-4529-9A63-33988C01D899}.Release|Any CPU.Build.0 = Release|Any CPU
	EndGlobalSection
	GlobalSection(SolutionProperties) = preSolution
		HideSolutionNode = FALSE
	EndGlobalSection
	GlobalSection(ExtensibilityGlobals) = postSolution
		SolutionGuid = {9065920B-6C74-42F9-935F-2EFAD6350A1A}
	EndGlobalSection
EndGlobal
